
Microsoft Visual Studio Solution File, Format Version 12.00
# Visual Studio Version 16
VisualStudioVersion = 16.0.30011.22
MinimumVisualStudioVersion = 10.0.40219.1
Project("{FAE04EC0-301F-11D3-BF4B-00C04F79EFBC}") = "Task 1", "Task 1\Task 1.csproj", "{B266A245-BBDF-4811-9949-63019D038B1C}"
EndProject
Global
	GlobalSection(SolutionConfigurationPlatforms) = preSolution
		Debug|Any CPU = Debug|Any CPU
		Release|Any CPU = Release|Any CPU
	EndGlobalSection
	GlobalSection(ProjectConfigurationPlatforms) = postSolution
		{B266A245-BBDF-4811-9949-63019D038B1C}.Debug|Any CPU.ActiveCfg = Debug|Any CPU
		{B266A245-BBDF-4811-9949-63019D038B1C}.Debug|Any CPU.Build.0 = Debug|Any CPU
		{B266A245-BBDF-4811-9949-63019D038B1C}.Release|Any CPU.ActiveCfg = Release|Any CPU
		{B266A245-BBDF-4811-9949-63019D038B1C}.Release|Any CPU.Build.0 = Release|Any CPU
	EndGlobalSection
	GlobalSection(SolutionProperties) = preSolution
		HideSolutionNode = FALSE
	EndGlobalSection
	GlobalSection(ExtensibilityGlobals) = postSolution
		SolutionGuid = {9827C42F-798C-4553-8938-974E8773A77E}
	EndGlobalSection
EndGlobal
