
Microsoft Visual Studio Solution File, Format Version 12.00
# Visual Studio Version 16
VisualStudioVersion = 16.0.29926.136
MinimumVisualStudioVersion = 10.0.40219.1
Project("{FAE04EC0-301F-11D3-BF4B-00C04F79EFBC}") = "Task 7.1", "Task 7.1\Task 7.1.csproj", "{6E56C5D5-DB92-472B-B9FC-BC1FBDB3DC84}"
EndProject
Project("{FAE04EC0-301F-11D3-BF4B-00C04F79EFBC}") = "Task 7.1.Test", "Task 7.1.Test\Task 7.1.Test.csproj", "{23579199-4231-4828-8D9F-85E66270F310}"
EndProject
Global
	GlobalSection(SolutionConfigurationPlatforms) = preSolution
		Debug|Any CPU = Debug|Any CPU
		Release|Any CPU = Release|Any CPU
	EndGlobalSection
	GlobalSection(ProjectConfigurationPlatforms) = postSolution
		{6E56C5D5-DB92-472B-B9FC-BC1FBDB3DC84}.Debug|Any CPU.ActiveCfg = Debug|Any CPU
		{6E56C5D5-DB92-472B-B9FC-BC1FBDB3DC84}.Debug|Any CPU.Build.0 = Debug|Any CPU
		{6E56C5D5-DB92-472B-B9FC-BC1FBDB3DC84}.Release|Any CPU.ActiveCfg = Release|Any CPU
		{6E56C5D5-DB92-472B-B9FC-BC1FBDB3DC84}.Release|Any CPU.Build.0 = Release|Any CPU
		{23579199-4231-4828-8D9F-85E66270F310}.Debug|Any CPU.ActiveCfg = Debug|Any CPU
		{23579199-4231-4828-8D9F-85E66270F310}.Debug|Any CPU.Build.0 = Debug|Any CPU
		{23579199-4231-4828-8D9F-85E66270F310}.Release|Any CPU.ActiveCfg = Release|Any CPU
		{23579199-4231-4828-8D9F-85E66270F310}.Release|Any CPU.Build.0 = Release|Any CPU
	EndGlobalSection
	GlobalSection(SolutionProperties) = preSolution
		HideSolutionNode = FALSE
	EndGlobalSection
	GlobalSection(ExtensibilityGlobals) = postSolution
		SolutionGuid = {30E82F9D-C51F-4757-BC13-D6E5A1DAFCBA}
	EndGlobalSection
EndGlobal
