
Microsoft Visual Studio Solution File, Format Version 12.00
# Visual Studio Version 16
VisualStudioVersion = 16.0.30011.22
MinimumVisualStudioVersion = 10.0.40219.1
Project("{FAE04EC0-301F-11D3-BF4B-00C04F79EFBC}") = "Task 7.1", "Task 7.1\Task 7.1.csproj", "{E78D6056-6538-4C34-AE99-97DDD0817B84}"
EndProject
Project("{FAE04EC0-301F-11D3-BF4B-00C04F79EFBC}") = "Task 7.1.Test", "Task 7.1.Test\Task 7.1.Test.csproj", "{352569DB-31D2-4FFD-938E-E4889CBE8F6B}"
EndProject
Global
	GlobalSection(SolutionConfigurationPlatforms) = preSolution
		Debug|Any CPU = Debug|Any CPU
		Release|Any CPU = Release|Any CPU
	EndGlobalSection
	GlobalSection(ProjectConfigurationPlatforms) = postSolution
		{E78D6056-6538-4C34-AE99-97DDD0817B84}.Debug|Any CPU.ActiveCfg = Debug|Any CPU
		{E78D6056-6538-4C34-AE99-97DDD0817B84}.Debug|Any CPU.Build.0 = Debug|Any CPU
		{E78D6056-6538-4C34-AE99-97DDD0817B84}.Release|Any CPU.ActiveCfg = Release|Any CPU
		{E78D6056-6538-4C34-AE99-97DDD0817B84}.Release|Any CPU.Build.0 = Release|Any CPU
		{352569DB-31D2-4FFD-938E-E4889CBE8F6B}.Debug|Any CPU.ActiveCfg = Debug|Any CPU
		{352569DB-31D2-4FFD-938E-E4889CBE8F6B}.Debug|Any CPU.Build.0 = Debug|Any CPU
		{352569DB-31D2-4FFD-938E-E4889CBE8F6B}.Release|Any CPU.ActiveCfg = Release|Any CPU
		{352569DB-31D2-4FFD-938E-E4889CBE8F6B}.Release|Any CPU.Build.0 = Release|Any CPU
	EndGlobalSection
	GlobalSection(SolutionProperties) = preSolution
		HideSolutionNode = FALSE
	EndGlobalSection
	GlobalSection(ExtensibilityGlobals) = postSolution
		SolutionGuid = {0240FEBF-894E-488F-9EEC-669A3DBF8672}
	EndGlobalSection
EndGlobal
