
Microsoft Visual Studio Solution File, Format Version 12.00
# Visual Studio Version 16
VisualStudioVersion = 16.0.29911.84
MinimumVisualStudioVersion = 10.0.40219.1
Project("{9A19103F-16F7-4668-BE54-9A1E7A4F7556}") = "Task 6.1", "Task 6.1\Task 6.1.csproj", "{E4160442-38FF-4E48-866E-29BFDAFF3EE7}"
EndProject
Project("{FAE04EC0-301F-11D3-BF4B-00C04F79EFBC}") = "Task 6.1.Test", "Task 6.1.Test\Task 6.1.Test.csproj", "{913C4B17-043A-4AA1-9647-E3221ABC056E}"
EndProject
Global
	GlobalSection(SolutionConfigurationPlatforms) = preSolution
		Debug|Any CPU = Debug|Any CPU
		Release|Any CPU = Release|Any CPU
	EndGlobalSection
	GlobalSection(ProjectConfigurationPlatforms) = postSolution
		{E4160442-38FF-4E48-866E-29BFDAFF3EE7}.Debug|Any CPU.ActiveCfg = Debug|Any CPU
		{E4160442-38FF-4E48-866E-29BFDAFF3EE7}.Debug|Any CPU.Build.0 = Debug|Any CPU
		{E4160442-38FF-4E48-866E-29BFDAFF3EE7}.Release|Any CPU.ActiveCfg = Release|Any CPU
		{E4160442-38FF-4E48-866E-29BFDAFF3EE7}.Release|Any CPU.Build.0 = Release|Any CPU
		{913C4B17-043A-4AA1-9647-E3221ABC056E}.Debug|Any CPU.ActiveCfg = Debug|Any CPU
		{913C4B17-043A-4AA1-9647-E3221ABC056E}.Debug|Any CPU.Build.0 = Debug|Any CPU
		{913C4B17-043A-4AA1-9647-E3221ABC056E}.Release|Any CPU.ActiveCfg = Release|Any CPU
		{913C4B17-043A-4AA1-9647-E3221ABC056E}.Release|Any CPU.Build.0 = Release|Any CPU
	EndGlobalSection
	GlobalSection(SolutionProperties) = preSolution
		HideSolutionNode = FALSE
	EndGlobalSection
	GlobalSection(ExtensibilityGlobals) = postSolution
		SolutionGuid = {703714A5-9516-4F07-8E22-CBBB5FED5BB5}
	EndGlobalSection
EndGlobal
