
Microsoft Visual Studio Solution File, Format Version 12.00
# Visual Studio Version 16
VisualStudioVersion = 16.0.29806.167
MinimumVisualStudioVersion = 10.0.40219.1
Project("{FAE04EC0-301F-11D3-BF4B-00C04F79EFBC}") = "Task 2.2", "Task 2.2\Task 2.2.csproj", "{B670AB12-A661-423A-A11D-302CFE411441}"
EndProject
Project("{FAE04EC0-301F-11D3-BF4B-00C04F79EFBC}") = "Task 2.2.Test", "Task 2.2.Test\Task 2.2.Test.csproj", "{FC1C54AC-FE07-422C-9082-18ABD0D16562}"
EndProject
Global
	GlobalSection(SolutionConfigurationPlatforms) = preSolution
		Debug|Any CPU = Debug|Any CPU
		Release|Any CPU = Release|Any CPU
	EndGlobalSection
	GlobalSection(ProjectConfigurationPlatforms) = postSolution
		{B670AB12-A661-423A-A11D-302CFE411441}.Debug|Any CPU.ActiveCfg = Debug|Any CPU
		{B670AB12-A661-423A-A11D-302CFE411441}.Debug|Any CPU.Build.0 = Debug|Any CPU
		{B670AB12-A661-423A-A11D-302CFE411441}.Release|Any CPU.ActiveCfg = Release|Any CPU
		{B670AB12-A661-423A-A11D-302CFE411441}.Release|Any CPU.Build.0 = Release|Any CPU
		{FC1C54AC-FE07-422C-9082-18ABD0D16562}.Debug|Any CPU.ActiveCfg = Debug|Any CPU
		{FC1C54AC-FE07-422C-9082-18ABD0D16562}.Debug|Any CPU.Build.0 = Debug|Any CPU
		{FC1C54AC-FE07-422C-9082-18ABD0D16562}.Release|Any CPU.ActiveCfg = Release|Any CPU
		{FC1C54AC-FE07-422C-9082-18ABD0D16562}.Release|Any CPU.Build.0 = Release|Any CPU
	EndGlobalSection
	GlobalSection(SolutionProperties) = preSolution
		HideSolutionNode = FALSE
	EndGlobalSection
	GlobalSection(ExtensibilityGlobals) = postSolution
		SolutionGuid = {0ACAD1FC-0056-4409-9F02-A674DCD8FD4F}
	EndGlobalSection
EndGlobal
