
Microsoft Visual Studio Solution File, Format Version 12.00
# Visual Studio Version 16
VisualStudioVersion = 16.0.29806.167
MinimumVisualStudioVersion = 10.0.40219.1
Project("{FAE04EC0-301F-11D3-BF4B-00C04F79EFBC}") = "Task 1.4", "Task 1.4\Task 1.4.csproj", "{44FA7721-29D5-40CF-9E6C-A3C8D11E4C14}"
EndProject
Global
	GlobalSection(SolutionConfigurationPlatforms) = preSolution
		Debug|Any CPU = Debug|Any CPU
		Release|Any CPU = Release|Any CPU
	EndGlobalSection
	GlobalSection(ProjectConfigurationPlatforms) = postSolution
		{44FA7721-29D5-40CF-9E6C-A3C8D11E4C14}.Debug|Any CPU.ActiveCfg = Debug|Any CPU
		{44FA7721-29D5-40CF-9E6C-A3C8D11E4C14}.Debug|Any CPU.Build.0 = Debug|Any CPU
		{44FA7721-29D5-40CF-9E6C-A3C8D11E4C14}.Release|Any CPU.ActiveCfg = Release|Any CPU
		{44FA7721-29D5-40CF-9E6C-A3C8D11E4C14}.Release|Any CPU.Build.0 = Release|Any CPU
	EndGlobalSection
	GlobalSection(SolutionProperties) = preSolution
		HideSolutionNode = FALSE
	EndGlobalSection
	GlobalSection(ExtensibilityGlobals) = postSolution
		SolutionGuid = {968C5689-2F11-4DE5-96F8-2865306BDF72}
	EndGlobalSection
EndGlobal
